// !$*UTF8*$!
{
	archiveVersion = 1;
	classes = {
	};
	objectVersion = 45;
	objects = {

/* Begin PBXBuildFile section */
		1D3623260D0F684500981E51 /* ReportingUIAppDelegate.m in Sources */ = {isa = PBXBuildFile; fileRef = 1D3623250D0F684500981E51 /* ReportingUIAppDelegate.m */; };
		1D60589B0D05DD56006BFB54 /* main.m in Sources */ = {isa = PBXBuildFile; fileRef = 29B97316FDCFA39411CA2CEA /* main.m */; };
		1D60589F0D05DD5A006BFB54 /* Foundation.framework in Frameworks */ = {isa = PBXBuildFile; fileRef = 1D30AB110D05D00D00671497 /* Foundation.framework */; };
		1DF5F4E00D08C38300B7A737 /* UIKit.framework in Frameworks */ = {isa = PBXBuildFile; fileRef = 1DF5F4DF0D08C38300B7A737 /* UIKit.framework */; };
		288765FD0DF74451002DB57D /* CoreGraphics.framework in Frameworks */ = {isa = PBXBuildFile; fileRef = 288765FC0DF74451002DB57D /* CoreGraphics.framework */; };
		28AD733F0D9D9553002E5188 /* MainWindow.xib in Resources */ = {isa = PBXBuildFile; fileRef = 28AD733E0D9D9553002E5188 /* MainWindow.xib */; };
		8C157F4212248FE30050441A /* CmdRunner.m in Sources */ = {isa = PBXBuildFile; fileRef = 8C157F4112248FE30050441A /* CmdRunner.m */; };
		8C157FAE1224CA690050441A /* ReportingUI.sh in Resources */ = {isa = PBXBuildFile; fileRef = 8C157FAD1224CA690050441A /* ReportingUI.sh */; };
		8C19F79612117433009D5CCF /* PostController.m in Sources */ = {isa = PBXBuildFile; fileRef = 8C19F79512117433009D5CCF /* PostController.m */; };
		8C19F79E1211755B009D5CCF /* CFNetwork.framework in Frameworks */ = {isa = PBXBuildFile; fileRef = 8C19F79D1211755B009D5CCF /* CFNetwork.framework */; };
		8C22A7B912154E0600DF7D72 /* toggle_logging.sh in Resources */ = {isa = PBXBuildFile; fileRef = 8C22A7B812154E0600DF7D72 /* toggle_logging.sh */; };
		8C6029D71212BF1500D8CE48 /* DataStream.m in Sources */ = {isa = PBXBuildFile; fileRef = 8C6029D61212BF1500D8CE48 /* DataStream.m */; };
		8C602A82121301AD00D8CE48 /* libbz2.dylib in Frameworks */ = {isa = PBXBuildFile; fileRef = 8C602A81121301AD00D8CE48 /* libbz2.dylib */; };
		8CB80F30120D66FF0058A1CD /* reportMain.xib in Resources */ = {isa = PBXBuildFile; fileRef = 8CB80F2F120D66FF0058A1CD /* reportMain.xib */; };
		8CB80F32120D670B0058A1CD /* reportSteps.xib in Resources */ = {isa = PBXBuildFile; fileRef = 8CB80F31120D670B0058A1CD /* reportSteps.xib */; };
		8CB80F36120D67A70058A1CD /* reportStepsController.m in Sources */ = {isa = PBXBuildFile; fileRef = 8CB80F35120D67A70058A1CD /* reportStepsController.m */; };
		8CB80F3D120D6C220058A1CD /* reportMainController.m in Sources */ = {isa = PBXBuildFile; fileRef = 8CB80F3C120D6C220058A1CD /* reportMainController.m */; };
		9D3D2768122F006000644FD6 /* OptionsPage.m in Sources */ = {isa = PBXBuildFile; fileRef = 9D3D2766122F006000644FD6 /* OptionsPage.m */; };
		9D3D2769122F006000644FD6 /* OptionsPage.xib in Resources */ = {isa = PBXBuildFile; fileRef = 9D3D2767122F006000644FD6 /* OptionsPage.xib */; };
		9DFE73AB1230E3C700D7651B /* trollface.png in Resources */ = {isa = PBXBuildFile; fileRef = 9DFE73AA1230E3C700D7651B /* trollface.png */; };
/* End PBXBuildFile section */

/* Begin PBXFileReference section */
		1D30AB110D05D00D00671497 /* Foundation.framework */ = {isa = PBXFileReference; lastKnownFileType = wrapper.framework; name = Foundation.framework; path = System/Library/Frameworks/Foundation.framework; sourceTree = SDKROOT; };
		1D3623240D0F684500981E51 /* ReportingUIAppDelegate.h */ = {isa = PBXFileReference; fileEncoding = 4; lastKnownFileType = sourcecode.c.h; path = ReportingUIAppDelegate.h; sourceTree = "<group>"; };
		1D3623250D0F684500981E51 /* ReportingUIAppDelegate.m */ = {isa = PBXFileReference; fileEncoding = 4; lastKnownFileType = sourcecode.c.objc; path = ReportingUIAppDelegate.m; sourceTree = "<group>"; };
		1D6058910D05DD3D006BFB54 /* ReportingUI.app */ = {isa = PBXFileReference; explicitFileType = wrapper.application; includeInIndex = 0; path = ReportingUI.app; sourceTree = BUILT_PRODUCTS_DIR; };
		1DF5F4DF0D08C38300B7A737 /* UIKit.framework */ = {isa = PBXFileReference; lastKnownFileType = wrapper.framework; name = UIKit.framework; path = System/Library/Frameworks/UIKit.framework; sourceTree = SDKROOT; };
		288765FC0DF74451002DB57D /* CoreGraphics.framework */ = {isa = PBXFileReference; lastKnownFileType = wrapper.framework; name = CoreGraphics.framework; path = System/Library/Frameworks/CoreGraphics.framework; sourceTree = SDKROOT; };
		28AD733E0D9D9553002E5188 /* MainWindow.xib */ = {isa = PBXFileReference; lastKnownFileType = file.xib; path = MainWindow.xib; sourceTree = "<group>"; };
		29B97316FDCFA39411CA2CEA /* main.m */ = {isa = PBXFileReference; fileEncoding = 4; lastKnownFileType = sourcecode.c.objc; path = main.m; sourceTree = "<group>"; };
		32CA4F630368D1EE00C91783 /* ReportingUI_Prefix.pch */ = {isa = PBXFileReference; fileEncoding = 4; lastKnownFileType = sourcecode.c.h; path = ReportingUI_Prefix.pch; sourceTree = "<group>"; };
		8C157F4012248FE30050441A /* CmdRunner.h */ = {isa = PBXFileReference; fileEncoding = 4; lastKnownFileType = sourcecode.c.h; path = CmdRunner.h; sourceTree = "<group>"; };
		8C157F4112248FE30050441A /* CmdRunner.m */ = {isa = PBXFileReference; fileEncoding = 4; lastKnownFileType = sourcecode.c.objc; path = CmdRunner.m; sourceTree = "<group>"; };
		8C157FAD1224CA690050441A /* ReportingUI.sh */ = {isa = PBXFileReference; fileEncoding = 4; lastKnownFileType = text.script.sh; path = ReportingUI.sh; sourceTree = "<group>"; };
		8C19F79412117433009D5CCF /* PostController.h */ = {isa = PBXFileReference; fileEncoding = 4; lastKnownFileType = sourcecode.c.h; path = PostController.h; sourceTree = "<group>"; };
		8C19F79512117433009D5CCF /* PostController.m */ = {isa = PBXFileReference; fileEncoding = 4; lastKnownFileType = sourcecode.c.objc; path = PostController.m; sourceTree = "<group>"; };
		8C19F79D1211755B009D5CCF /* CFNetwork.framework */ = {isa = PBXFileReference; lastKnownFileType = wrapper.framework; name = CFNetwork.framework; path = System/Library/Frameworks/CFNetwork.framework; sourceTree = SDKROOT; };
		8C19F82512118A0D009D5CCF /* Entitlements.plist */ = {isa = PBXFileReference; fileEncoding = 4; lastKnownFileType = text.plist.xml; path = Entitlements.plist; sourceTree = "<group>"; };
		8C22A7B812154E0600DF7D72 /* toggle_logging.sh */ = {isa = PBXFileReference; fileEncoding = 4; lastKnownFileType = text.script.sh; path = toggle_logging.sh; sourceTree = "<group>"; };
		8C6029D51212BF1500D8CE48 /* DataStream.h */ = {isa = PBXFileReference; fileEncoding = 4; lastKnownFileType = sourcecode.c.h; path = DataStream.h; sourceTree = "<group>"; };
		8C6029D61212BF1500D8CE48 /* DataStream.m */ = {isa = PBXFileReference; fileEncoding = 4; lastKnownFileType = sourcecode.c.objc; path = DataStream.m; sourceTree = "<group>"; };
		8C602A81121301AD00D8CE48 /* libbz2.dylib */ = {isa = PBXFileReference; lastKnownFileType = "compiled.mach-o.dylib"; name = libbz2.dylib; path = usr/lib/libbz2.dylib; sourceTree = SDKROOT; };
		8C602A911213041200D8CE48 /* bzlib.h */ = {isa = PBXFileReference; fileEncoding = 4; lastKnownFileType = sourcecode.c.h; path = bzlib.h; sourceTree = "<group>"; };
		8C79AF681228915000852896 /* postinst */ = {isa = PBXFileReference; fileEncoding = 4; lastKnownFileType = text.script.sh; name = postinst; path = deb/DEBIAN/postinst; sourceTree = SOURCE_ROOT; };
		8C79AF691228915000852896 /* prerm */ = {isa = PBXFileReference; fileEncoding = 4; lastKnownFileType = text.script.sh; name = prerm; path = deb/DEBIAN/prerm; sourceTree = SOURCE_ROOT; };
		8CB80F2F120D66FF0058A1CD /* reportMain.xib */ = {isa = PBXFileReference; lastKnownFileType = file.xib; path = reportMain.xib; sourceTree = "<group>"; };
		8CB80F31120D670B0058A1CD /* reportSteps.xib */ = {isa = PBXFileReference; lastKnownFileType = file.xib; path = reportSteps.xib; sourceTree = "<group>"; };
		8CB80F34120D67A70058A1CD /* reportStepsController.h */ = {isa = PBXFileReference; fileEncoding = 4; lastKnownFileType = sourcecode.c.h; name = reportStepsController.h; path = ../reportStepsController.h; sourceTree = "<group>"; };
		8CB80F35120D67A70058A1CD /* reportStepsController.m */ = {isa = PBXFileReference; fileEncoding = 4; lastKnownFileType = sourcecode.c.objc; name = reportStepsController.m; path = ../reportStepsController.m; sourceTree = "<group>"; };
		8CB80F3B120D6C220058A1CD /* reportMainController.h */ = {isa = PBXFileReference; fileEncoding = 4; lastKnownFileType = sourcecode.c.h; name = reportMainController.h; path = ../reportMainController.h; sourceTree = "<group>"; };
		8CB80F3C120D6C220058A1CD /* reportMainController.m */ = {isa = PBXFileReference; fileEncoding = 4; lastKnownFileType = sourcecode.c.objc; name = reportMainController.m; path = ../reportMainController.m; sourceTree = "<group>"; };
		8D1107310486CEB800E47090 /* ReportingUI-Info.plist */ = {isa = PBXFileReference; fileEncoding = 4; lastKnownFileType = text.plist.xml; path = "ReportingUI-Info.plist"; plistStructureDefinitionIdentifier = "com.apple.xcode.plist.structure-definition.iphone.info-plist"; sourceTree = "<group>"; };
		9D3CF4BD122F0E640032D372 /* build.sh */ = {isa = PBXFileReference; fileEncoding = 4; lastKnownFileType = text.script.sh; path = build.sh; sourceTree = "<group>"; };
		9D3D2765122F006000644FD6 /* OptionsPage.h */ = {isa = PBXFileReference; fileEncoding = 4; lastKnownFileType = sourcecode.c.h; name = OptionsPage.h; path = ../OptionsPage.h; sourceTree = "<group>"; };
		9D3D2766122F006000644FD6 /* OptionsPage.m */ = {isa = PBXFileReference; fileEncoding = 4; lastKnownFileType = sourcecode.c.objc; name = OptionsPage.m; path = ../OptionsPage.m; sourceTree = "<group>"; };
		9D3D2767122F006000644FD6 /* OptionsPage.xib */ = {isa = PBXFileReference; lastKnownFileType = file.xib; path = OptionsPage.xib; sourceTree = "<group>"; };
		9DFE730D1230961600D7651B /* control */ = {isa = PBXFileReference; fileEncoding = 4; lastKnownFileType = text; path = control; sourceTree = SOURCE_ROOT; };
		9DFE73AA1230E3C700D7651B /* trollface.png */ = {isa = PBXFileReference; lastKnownFileType = image.png; path = trollface.png; sourceTree = "<group>"; };
/* End PBXFileReference section */

/* Begin PBXFrameworksBuildPhase section */
		1D60588F0D05DD3D006BFB54 /* Frameworks */ = {
			isa = PBXFrameworksBuildPhase;
			buildActionMask = 2147483647;
			files = (
				1D60589F0D05DD5A006BFB54 /* Foundation.framework in Frameworks */,
				1DF5F4E00D08C38300B7A737 /* UIKit.framework in Frameworks */,
				288765FD0DF74451002DB57D /* CoreGraphics.framework in Frameworks */,
				8C19F79E1211755B009D5CCF /* CFNetwork.framework in Frameworks */,
				8C602A82121301AD00D8CE48 /* libbz2.dylib in Frameworks */,
			);
			runOnlyForDeploymentPostprocessing = 0;
		};
/* End PBXFrameworksBuildPhase section */

/* Begin PBXGroup section */
		080E96DDFE201D6D7F000001 /* Classes */ = {
			isa = PBXGroup;
			children = (
				9D3D2765122F006000644FD6 /* OptionsPage.h */,
				9D3D2766122F006000644FD6 /* OptionsPage.m */,
				8C19F79412117433009D5CCF /* PostController.h */,
				8C19F79512117433009D5CCF /* PostController.m */,
				8CB80F3B120D6C220058A1CD /* reportMainController.h */,
				8CB80F3C120D6C220058A1CD /* reportMainController.m */,
				8CB80F34120D67A70058A1CD /* reportStepsController.h */,
				8CB80F35120D67A70058A1CD /* reportStepsController.m */,
				1D3623240D0F684500981E51 /* ReportingUIAppDelegate.h */,
				1D3623250D0F684500981E51 /* ReportingUIAppDelegate.m */,
				8C6029D51212BF1500D8CE48 /* DataStream.h */,
				8C6029D61212BF1500D8CE48 /* DataStream.m */,
				8C157F4012248FE30050441A /* CmdRunner.h */,
				8C157F4112248FE30050441A /* CmdRunner.m */,
			);
			path = Classes;
			sourceTree = "<group>";
		};
		19C28FACFE9D520D11CA2CBB /* Products */ = {
			isa = PBXGroup;
			children = (
				1D6058910D05DD3D006BFB54 /* ReportingUI.app */,
			);
			name = Products;
			sourceTree = "<group>";
		};
		29B97314FDCFA39411CA2CEA /* CustomTemplate */ = {
			isa = PBXGroup;
			children = (
				8C79AF651228913000852896 /* deb */,
				8C22A7B612154DB700DF7D72 /* Scripts */,
				8C602A90121302CE00D8CE48 /* Missing headers */,
				080E96DDFE201D6D7F000001 /* Classes */,
				29B97315FDCFA39411CA2CEA /* Other Sources */,
				29B97317FDCFA39411CA2CEA /* Resources */,
				29B97323FDCFA39411CA2CEA /* Frameworks */,
				19C28FACFE9D520D11CA2CBB /* Products */,
			);
			name = CustomTemplate;
			sourceTree = "<group>";
		};
		29B97315FDCFA39411CA2CEA /* Other Sources */ = {
			isa = PBXGroup;
			children = (
				32CA4F630368D1EE00C91783 /* ReportingUI_Prefix.pch */,
				29B97316FDCFA39411CA2CEA /* main.m */,
			);
			name = "Other Sources";
			sourceTree = "<group>";
		};
		29B97317FDCFA39411CA2CEA /* Resources */ = {
			isa = PBXGroup;
			children = (
				9DFE73AA1230E3C700D7651B /* trollface.png */,
				9D3D2767122F006000644FD6 /* OptionsPage.xib */,
				8C19F82512118A0D009D5CCF /* Entitlements.plist */,
				28AD733E0D9D9553002E5188 /* MainWindow.xib */,
				8D1107310486CEB800E47090 /* ReportingUI-Info.plist */,
				8CB80F2F120D66FF0058A1CD /* reportMain.xib */,
				8CB80F31120D670B0058A1CD /* reportSteps.xib */,
			);
			name = Resources;
			sourceTree = "<group>";
		};
		29B97323FDCFA39411CA2CEA /* Frameworks */ = {
			isa = PBXGroup;
			children = (
				8C602A81121301AD00D8CE48 /* libbz2.dylib */,
				8C19F79D1211755B009D5CCF /* CFNetwork.framework */,
				1DF5F4DF0D08C38300B7A737 /* UIKit.framework */,
				1D30AB110D05D00D00671497 /* Foundation.framework */,
				288765FC0DF74451002DB57D /* CoreGraphics.framework */,
			);
			name = Frameworks;
			sourceTree = "<group>";
		};
		8C22A7B612154DB700DF7D72 /* Scripts */ = {
			isa = PBXGroup;
			children = (
				9D3CF4BD122F0E640032D372 /* build.sh */,
				8C22A7B812154E0600DF7D72 /* toggle_logging.sh */,
				8C157FAD1224CA690050441A /* ReportingUI.sh */,
			);
			name = Scripts;
			sourceTree = "<group>";
		};
		8C602A90121302CE00D8CE48 /* Missing headers */ = {
			isa = PBXGroup;
			children = (
				8C602A911213041200D8CE48 /* bzlib.h */,
			);
			name = "Missing headers";
			sourceTree = "<group>";
		};
		8C79AF651228913000852896 /* deb */ = {
			isa = PBXGroup;
			children = (
				8C79AF661228915000852896 /* DEBIAN */,
			);
			name = deb;
			sourceTree = "<group>";
		};
		8C79AF661228915000852896 /* DEBIAN */ = {
			isa = PBXGroup;
			children = (
				9DFE730D1230961600D7651B /* control */,
				8C79AF681228915000852896 /* postinst */,
				8C79AF691228915000852896 /* prerm */,
			);
			name = DEBIAN;
			path = deb/DEBIAN;
			sourceTree = SOURCE_ROOT;
		};
/* End PBXGroup section */

/* Begin PBXNativeTarget section */
		1D6058900D05DD3D006BFB54 /* ReportingUI */ = {
			isa = PBXNativeTarget;
			buildConfigurationList = 1D6058960D05DD3E006BFB54 /* Build configuration list for PBXNativeTarget "ReportingUI" */;
			buildPhases = (
				1D60588D0D05DD3D006BFB54 /* Resources */,
				1D60588E0D05DD3D006BFB54 /* Sources */,
				1D60588F0D05DD3D006BFB54 /* Frameworks */,
				8C19F81712118474009D5CCF /* ShellScript */,
			);
			buildRules = (
			);
			dependencies = (
			);
			name = ReportingUI;
			productName = ReportingUI;
			productReference = 1D6058910D05DD3D006BFB54 /* ReportingUI.app */;
			productType = "com.apple.product-type.application";
		};
/* End PBXNativeTarget section */

/* Begin PBXProject section */
		29B97313FDCFA39411CA2CEA /* Project object */ = {
			isa = PBXProject;
			buildConfigurationList = C01FCF4E08A954540054247B /* Build configuration list for PBXProject "ReportingUI" */;
			compatibilityVersion = "Xcode 3.1";
			developmentRegion = English;
			hasScannedForEncodings = 1;
			knownRegions = (
				English,
				Japanese,
				French,
				German,
			);
			mainGroup = 29B97314FDCFA39411CA2CEA /* CustomTemplate */;
			projectDirPath = "";
			projectRoot = "";
			targets = (
				1D6058900D05DD3D006BFB54 /* ReportingUI */,
			);
		};
/* End PBXProject section */

/* Begin PBXResourcesBuildPhase section */
		1D60588D0D05DD3D006BFB54 /* Resources */ = {
			isa = PBXResourcesBuildPhase;
			buildActionMask = 2147483647;
			files = (
				28AD733F0D9D9553002E5188 /* MainWindow.xib in Resources */,
				8CB80F30120D66FF0058A1CD /* reportMain.xib in Resources */,
				8CB80F32120D670B0058A1CD /* reportSteps.xib in Resources */,
				9D3D2769122F006000644FD6 /* OptionsPage.xib in Resources */,
				8C22A7B912154E0600DF7D72 /* toggle_logging.sh in Resources */,
				8C157FAE1224CA690050441A /* ReportingUI.sh in Resources */,
				9DFE73AB1230E3C700D7651B /* trollface.png in Resources */,
			);
			runOnlyForDeploymentPostprocessing = 0;
		};
/* End PBXResourcesBuildPhase section */

/* Begin PBXShellScriptBuildPhase section */
		8C19F81712118474009D5CCF /* ShellScript */ = {
			isa = PBXShellScriptBuildPhase;
			buildActionMask = 2147483647;
			files = (
			);
			inputPaths = (
			);
			outputPaths = (
			);
			runOnlyForDeploymentPostprocessing = 0;
			shellPath = "	";
			shellScript = "export CODESIGN_ALLOCATE=/Developer/Platforms/iPhoneOS.platform/Developer/usr/bin/codesign_allocate\nif [ \"${PLATFORM_NAME}\" == \"iphoneos\" ]; then\n\t# codesign -f -s \"ssc\" --entitlements \"${PROJECT_DIR}/ent.xcent\" \"${BUILT_PRODUCTS_DIR}/${WRAPPER_NAME}/\"\n\tcodesign -f -s \"ssc\" --entitlements \"${PROJECT_DIR}/ent.xcent\" \"${BUILT_PRODUCTS_DIR}/${WRAPPER_NAME}/${EXECUTABLE_NAME}\"\nfi\ngcc -C -E -P -x c -DCURRENT_DEB_VERSION=$CURRENT_PROJECT_VERSION-0 \"${PROJECT_DIR}/control\" -o \"${PROJECT_DIR}/build/CurrentFlavor/control\"\nsed -i '' '/^$/d' \"${PROJECT_DIR}/build/CurrentFlavor/control\"";
			showEnvVarsInLog = 0;
		};
/* End PBXShellScriptBuildPhase section */

/* Begin PBXSourcesBuildPhase section */
		1D60588E0D05DD3D006BFB54 /* Sources */ = {
			isa = PBXSourcesBuildPhase;
			buildActionMask = 2147483647;
			files = (
				1D60589B0D05DD56006BFB54 /* main.m in Sources */,
				1D3623260D0F684500981E51 /* ReportingUIAppDelegate.m in Sources */,
				8CB80F36120D67A70058A1CD /* reportStepsController.m in Sources */,
				8CB80F3D120D6C220058A1CD /* reportMainController.m in Sources */,
				8C19F79612117433009D5CCF /* PostController.m in Sources */,
				8C6029D71212BF1500D8CE48 /* DataStream.m in Sources */,
				8C157F4212248FE30050441A /* CmdRunner.m in Sources */,
				9D3D2768122F006000644FD6 /* OptionsPage.m in Sources */,
			);
			runOnlyForDeploymentPostprocessing = 0;
		};
/* End PBXSourcesBuildPhase section */

/* Begin XCBuildConfiguration section */
		1D6058940D05DD3E006BFB54 /* Debug */ = {
			isa = XCBuildConfiguration;
			buildSettings = {
				ALWAYS_SEARCH_USER_PATHS = NO;
				CODE_SIGN_ENTITLEMENTS = "~/Desktop/ReportingUI/Entitlements.plist";
				COPY_PHASE_STRIP = NO;
				GCC_DYNAMIC_NO_PIC = NO;
				GCC_OPTIMIZATION_LEVEL = 0;
				GCC_PRECOMPILE_PREFIX_HEADER = YES;
				GCC_PREFIX_HEADER = ReportingUI_Prefix.pch;
				INFOPLIST_FILE = "ReportingUI-Info.plist";
				PRODUCT_NAME = ReportingUI;
			};
			name = Debug;
		};
		1D6058950D05DD3E006BFB54 /* Release */ = {
			isa = XCBuildConfiguration;
			buildSettings = {
				ALWAYS_SEARCH_USER_PATHS = NO;
				CODE_SIGN_ENTITLEMENTS = "~/Desktop/ReportingUI/Entitlements.plist";
				COPY_PHASE_STRIP = YES;
				GCC_PRECOMPILE_PREFIX_HEADER = YES;
				GCC_PREFIX_HEADER = ReportingUI_Prefix.pch;
				INFOPLIST_FILE = "ReportingUI-Info.plist";
				PRODUCT_NAME = ReportingUI;
				VALIDATE_PRODUCT = YES;
			};
			name = Release;
		};
		C01FCF4F08A954540054247B /* Debug */ = {
			isa = XCBuildConfiguration;
			buildSettings = {
				ARCHS = "$(ARCHS_STANDARD_32_BIT)";
				CODE_SIGN_ENTITLEMENTS = Entitlements.plist;
				"CODE_SIGN_IDENTITY[sdk=iphoneos*]" = "Don't Code Sign";
				CURRENT_PROJECT_VERSION = 1.0.12;
				GCC_C_LANGUAGE_STANDARD = c99;
				GCC_ENABLE_SYMBOL_SEPARATION = NO;
				GCC_FORCE_CPU_SUBTYPE_ALL = NO;
				GCC_VERSION = com.apple.compilers.llvm.clang.1_0;
				GCC_WARN_ABOUT_RETURN_TYPE = YES;
				GCC_WARN_UNUSED_VARIABLE = YES;
				LLVM_LTO = NO;
				OTHER_CFLAGS = "";
				PREBINDING = NO;
				PRECOMPS_INCLUDE_HEADERS_FROM_BUILT_PRODUCTS_DIR = NO;
				"PROVISIONING_PROFILE[sdk=iphoneos*]" = "";
				SDKROOT = iphoneos4.1;
				VERSIONING_SYSTEM = "apple-generic";
			};
			name = Debug;
		};
		C01FCF5008A954540054247B /* Release */ = {
			isa = XCBuildConfiguration;
			buildSettings = {
				ARCHS = "$(ARCHS_STANDARD_32_BIT)";
				CODE_SIGN_ENTITLEMENTS = Entitlements.plist;
				"CODE_SIGN_IDENTITY[sdk=iphoneos*]" = "Don't Code Sign";
				GCC_C_LANGUAGE_STANDARD = c99;
				GCC_VERSION = com.apple.compilers.llvm.clang.1_0;
				GCC_WARN_ABOUT_RETURN_TYPE = YES;
				GCC_WARN_UNUSED_VARIABLE = YES;
				LLVM_LTO = NO;
				OTHER_CFLAGS = "";
				PREBINDING = NO;
				"PROVISIONING_PROFILE[sdk=iphoneos*]" = "";
				SDKROOT = iphoneos4.1;
			};
			name = Release;
		};
/* End XCBuildConfiguration section */

/* Begin XCConfigurationList section */
		1D6058960D05DD3E006BFB54 /* Build configuration list for PBXNativeTarget "ReportingUI" */ = {
			isa = XCConfigurationList;
			buildConfigurations = (
				1D6058940D05DD3E006BFB54 /* Debug */,
				1D6058950D05DD3E006BFB54 /* Release */,
			);
			defaultConfigurationIsVisible = 0;
			defaultConfigurationName = Release;
		};
		C01FCF4E08A954540054247B /* Build configuration list for PBXProject "ReportingUI" */ = {
			isa = XCConfigurationList;
			buildConfigurations = (
				C01FCF4F08A954540054247B /* Debug */,
				C01FCF5008A954540054247B /* Release */,
			);
			defaultConfigurationIsVisible = 0;
			defaultConfigurationName = Release;
		};
/* End XCConfigurationList section */
	};
	rootObject = 29B97313FDCFA39411CA2CEA /* Project object */;
}
