// !$*UTF8*$!
{
	archiveVersion = 1;
	classes = {
	};
	objectVersion = 45;
	objects = {

/* Begin PBXBuildFile section */
		1D60589B0D05DD56006BFB54 /* main.mm in Sources */ = {isa = PBXBuildFile; fileRef = 29B97316FDCFA39411CA2CEA /* main.mm */; };
		1D60589F0D05DD5A006BFB54 /* Foundation.framework in Frameworks */ = {isa = PBXBuildFile; fileRef = 1D30AB110D05D00D00671497 /* Foundation.framework */; };
		8C39072312003CC60049EF92 /* EALocationAccessory.mm in Sources */ = {isa = PBXBuildFile; fileRef = 8C39072212003CC60049EF92 /* EALocationAccessory.mm */; };
		8C39072912003D4A0049EF92 /* ExternalAccessory.framework in Frameworks */ = {isa = PBXBuildFile; fileRef = 8C39072812003D4A0049EF92 /* ExternalAccessory.framework */; };
		8C6D4578120082AA00EF8271 /* ipc.mm in Sources */ = {isa = PBXBuildFile; fileRef = 8C6D4577120082AA00EF8271 /* ipc.mm */; };
		8C6D458C1200830A00EF8271 /* btGps.defs in Sources */ = {isa = PBXBuildFile; fileRef = 8C6D458B1200830A00EF8271 /* btGps.defs */; };
		8C6D45961200841D00EF8271 /* log.mm in Sources */ = {isa = PBXBuildFile; fileRef = 8C6D45951200841D00EF8271 /* log.mm */; };
		8C7E5F711200323A00E05555 /* libsubstrate.dylib in Frameworks */ = {isa = PBXBuildFile; fileRef = 8C7E5F701200323A00E05555 /* libsubstrate.dylib */; };
/* End PBXBuildFile section */

/* Begin PBXFileReference section */
		1D30AB110D05D00D00671497 /* Foundation.framework */ = {isa = PBXFileReference; lastKnownFileType = wrapper.framework; name = Foundation.framework; path = System/Library/Frameworks/Foundation.framework; sourceTree = SDKROOT; };
		1D6058910D05DD3D006BFB54 /* locationd-inject.app */ = {isa = PBXFileReference; explicitFileType = wrapper.application; includeInIndex = 0; path = "locationd-inject.app"; sourceTree = BUILT_PRODUCTS_DIR; };
		28A0AAE50D9B0CCF005BE974 /* locationd_inject_Prefix.pch */ = {isa = PBXFileReference; fileEncoding = 4; lastKnownFileType = sourcecode.c.h; path = locationd_inject_Prefix.pch; sourceTree = "<group>"; };
		29B97316FDCFA39411CA2CEA /* main.mm */ = {isa = PBXFileReference; fileEncoding = 4; lastKnownFileType = sourcecode.cpp.objcpp; path = main.mm; sourceTree = "<group>"; };
		8C39072112003CC60049EF92 /* EALocationAccessory.h */ = {isa = PBXFileReference; fileEncoding = 4; lastKnownFileType = sourcecode.c.h; path = EALocationAccessory.h; sourceTree = "<group>"; };
		8C39072212003CC60049EF92 /* EALocationAccessory.mm */ = {isa = PBXFileReference; fileEncoding = 4; lastKnownFileType = sourcecode.cpp.objcpp; path = EALocationAccessory.mm; sourceTree = "<group>"; };
		8C39072812003D4A0049EF92 /* ExternalAccessory.framework */ = {isa = PBXFileReference; lastKnownFileType = wrapper.framework; name = ExternalAccessory.framework; path = System/Library/Frameworks/ExternalAccessory.framework; sourceTree = SDKROOT; };
		8C6D4576120082AA00EF8271 /* ipc.h */ = {isa = PBXFileReference; fileEncoding = 4; lastKnownFileType = sourcecode.c.h; path = ipc.h; sourceTree = "<group>"; };
		8C6D4577120082AA00EF8271 /* ipc.mm */ = {isa = PBXFileReference; fileEncoding = 4; lastKnownFileType = sourcecode.cpp.objcpp; path = ipc.mm; sourceTree = "<group>"; };
		8C6D4582120082CC00EF8271 /* bootstrap.h */ = {isa = PBXFileReference; fileEncoding = 4; lastKnownFileType = sourcecode.c.h; path = bootstrap.h; sourceTree = "<group>"; };
		8C6D458A120082F900EF8271 /* BtGpsDefs.h */ = {isa = PBXFileReference; fileEncoding = 4; lastKnownFileType = sourcecode.c.h; name = BtGpsDefs.h; path = ../btGpsServer/BtGpsDefs.h; sourceTree = SOURCE_ROOT; };
		8C6D458B1200830A00EF8271 /* btGps.defs */ = {isa = PBXFileReference; fileEncoding = 4; lastKnownFileType = sourcecode.mig; name = btGps.defs; path = ../btGpsServer/btGps.defs; sourceTree = SOURCE_ROOT; };
		8C6D45941200841D00EF8271 /* log.h */ = {isa = PBXFileReference; fileEncoding = 4; lastKnownFileType = sourcecode.c.h; path = log.h; sourceTree = "<group>"; };
		8C6D45951200841D00EF8271 /* log.mm */ = {isa = PBXFileReference; fileEncoding = 4; lastKnownFileType = sourcecode.cpp.objcpp; path = log.mm; sourceTree = "<group>"; };
		8C7E5F6F1200319900E05555 /* substrate.h */ = {isa = PBXFileReference; fileEncoding = 4; lastKnownFileType = sourcecode.c.h; path = substrate.h; sourceTree = "<group>"; };
		8C7E5F701200323A00E05555 /* libsubstrate.dylib */ = {isa = PBXFileReference; lastKnownFileType = "compiled.mach-o.dylib"; path = libsubstrate.dylib; sourceTree = "<group>"; };
		8D1107310486CEB800E47090 /* locationd_inject-Info.plist */ = {isa = PBXFileReference; fileEncoding = 4; lastKnownFileType = text.plist.xml; path = "locationd_inject-Info.plist"; plistStructureDefinitionIdentifier = "com.apple.xcode.plist.structure-definition.iphone.info-plist"; sourceTree = "<group>"; };
/* End PBXFileReference section */

/* Begin PBXFrameworksBuildPhase section */
		1D60588F0D05DD3D006BFB54 /* Frameworks */ = {
			isa = PBXFrameworksBuildPhase;
			buildActionMask = 2147483647;
			files = (
				1D60589F0D05DD5A006BFB54 /* Foundation.framework in Frameworks */,
				8C7E5F711200323A00E05555 /* libsubstrate.dylib in Frameworks */,
				8C39072912003D4A0049EF92 /* ExternalAccessory.framework in Frameworks */,
			);
			runOnlyForDeploymentPostprocessing = 0;
		};
/* End PBXFrameworksBuildPhase section */

/* Begin PBXGroup section */
		19C28FACFE9D520D11CA2CBB /* Products */ = {
			isa = PBXGroup;
			children = (
				1D6058910D05DD3D006BFB54 /* locationd-inject.app */,
			);
			name = Products;
			sourceTree = "<group>";
		};
		29B97314FDCFA39411CA2CEA /* CustomTemplate */ = {
			isa = PBXGroup;
			children = (
				8C6D45931200840600EF8271 /* Log */,
				8C6D4581120082CC00EF8271 /* Missing Headers */,
				8C6D45751200828C00EF8271 /* IPC */,
				8C39072012003CA10049EF92 /* LocationAccessory */,
				29B97315FDCFA39411CA2CEA /* Other Sources */,
				29B97317FDCFA39411CA2CEA /* Resources */,
				29B97323FDCFA39411CA2CEA /* Frameworks */,
				19C28FACFE9D520D11CA2CBB /* Products */,
			);
			name = CustomTemplate;
			sourceTree = "<group>";
		};
		29B97315FDCFA39411CA2CEA /* Other Sources */ = {
			isa = PBXGroup;
			children = (
				8C7E5F6F1200319900E05555 /* substrate.h */,
				28A0AAE50D9B0CCF005BE974 /* locationd_inject_Prefix.pch */,
				29B97316FDCFA39411CA2CEA /* main.mm */,
			);
			name = "Other Sources";
			sourceTree = "<group>";
		};
		29B97317FDCFA39411CA2CEA /* Resources */ = {
			isa = PBXGroup;
			children = (
				8D1107310486CEB800E47090 /* locationd_inject-Info.plist */,
			);
			name = Resources;
			sourceTree = "<group>";
		};
		29B97323FDCFA39411CA2CEA /* Frameworks */ = {
			isa = PBXGroup;
			children = (
				8C7E5F701200323A00E05555 /* libsubstrate.dylib */,
				1D30AB110D05D00D00671497 /* Foundation.framework */,
				8C39072812003D4A0049EF92 /* ExternalAccessory.framework */,
			);
			name = Frameworks;
			sourceTree = "<group>";
		};
		8C39072012003CA10049EF92 /* LocationAccessory */ = {
			isa = PBXGroup;
			children = (
				8C39072112003CC60049EF92 /* EALocationAccessory.h */,
				8C39072212003CC60049EF92 /* EALocationAccessory.mm */,
			);
			name = LocationAccessory;
			sourceTree = "<group>";
		};
		8C6D45751200828C00EF8271 /* IPC */ = {
			isa = PBXGroup;
			children = (
				8C6D458B1200830A00EF8271 /* btGps.defs */,
				8C6D458A120082F900EF8271 /* BtGpsDefs.h */,
				8C6D4576120082AA00EF8271 /* ipc.h */,
				8C6D4577120082AA00EF8271 /* ipc.mm */,
			);
			name = IPC;
			sourceTree = "<group>";
		};
		8C6D4581120082CC00EF8271 /* Missing Headers */ = {
			isa = PBXGroup;
			children = (
				8C6D4582120082CC00EF8271 /* bootstrap.h */,
			);
			name = "Missing Headers";
			sourceTree = "<group>";
		};
		8C6D45931200840600EF8271 /* Log */ = {
			isa = PBXGroup;
			children = (
				8C6D45941200841D00EF8271 /* log.h */,
				8C6D45951200841D00EF8271 /* log.mm */,
			);
			name = Log;
			sourceTree = "<group>";
		};
/* End PBXGroup section */

/* Begin PBXNativeTarget section */
		1D6058900D05DD3D006BFB54 /* locationd-inject */ = {
			isa = PBXNativeTarget;
			buildConfigurationList = 1D6058960D05DD3E006BFB54 /* Build configuration list for PBXNativeTarget "locationd-inject" */;
			buildPhases = (
				1D60588D0D05DD3D006BFB54 /* Resources */,
				1D60588E0D05DD3D006BFB54 /* Sources */,
				1D60588F0D05DD3D006BFB54 /* Frameworks */,
			);
			buildRules = (
			);
			dependencies = (
			);
			name = "locationd-inject";
			productName = "locationd-inject";
			productReference = 1D6058910D05DD3D006BFB54 /* locationd-inject.app */;
			productType = "com.apple.product-type.application";
		};
/* End PBXNativeTarget section */

/* Begin PBXProject section */
		29B97313FDCFA39411CA2CEA /* Project object */ = {
			isa = PBXProject;
			buildConfigurationList = C01FCF4E08A954540054247B /* Build configuration list for PBXProject "locationd-inject" */;
			compatibilityVersion = "Xcode 3.1";
			developmentRegion = English;
			hasScannedForEncodings = 1;
			knownRegions = (
				English,
				Japanese,
				French,
				German,
				en,
			);
			mainGroup = 29B97314FDCFA39411CA2CEA /* CustomTemplate */;
			projectDirPath = "";
			projectRoot = "";
			targets = (
				1D6058900D05DD3D006BFB54 /* locationd-inject */,
			);
		};
/* End PBXProject section */

/* Begin PBXResourcesBuildPhase section */
		1D60588D0D05DD3D006BFB54 /* Resources */ = {
			isa = PBXResourcesBuildPhase;
			buildActionMask = 2147483647;
			files = (
			);
			runOnlyForDeploymentPostprocessing = 0;
		};
/* End PBXResourcesBuildPhase section */

/* Begin PBXSourcesBuildPhase section */
		1D60588E0D05DD3D006BFB54 /* Sources */ = {
			isa = PBXSourcesBuildPhase;
			buildActionMask = 2147483647;
			files = (
				1D60589B0D05DD56006BFB54 /* main.mm in Sources */,
				8C39072312003CC60049EF92 /* EALocationAccessory.mm in Sources */,
				8C6D4578120082AA00EF8271 /* ipc.mm in Sources */,
				8C6D458C1200830A00EF8271 /* btGps.defs in Sources */,
				8C6D45961200841D00EF8271 /* log.mm in Sources */,
			);
			runOnlyForDeploymentPostprocessing = 0;
		};
/* End PBXSourcesBuildPhase section */

/* Begin XCBuildConfiguration section */
		1D6058940D05DD3E006BFB54 /* Debug */ = {
			isa = XCBuildConfiguration;
			buildSettings = {
				ALWAYS_SEARCH_USER_PATHS = NO;
				COPY_PHASE_STRIP = NO;
				GCC_DYNAMIC_NO_PIC = NO;
				GCC_OPTIMIZATION_LEVEL = 0;
				GCC_PRECOMPILE_PREFIX_HEADER = YES;
				GCC_PREFIX_HEADER = locationd_inject_Prefix.pch;
				INFOPLIST_FILE = "locationd_inject-Info.plist";
				LIBRARY_SEARCH_PATHS = (
					"$(inherited)",
					"\"$(SRCROOT)\"",
				);
				PRODUCT_NAME = "locationd-inject";
			};
			name = Debug;
		};
		1D6058950D05DD3E006BFB54 /* Release */ = {
			isa = XCBuildConfiguration;
			buildSettings = {
				ALWAYS_SEARCH_USER_PATHS = NO;
				COPY_PHASE_STRIP = YES;
				GCC_PRECOMPILE_PREFIX_HEADER = YES;
				GCC_PREFIX_HEADER = locationd_inject_Prefix.pch;
				INFOPLIST_FILE = "locationd_inject-Info.plist";
				LIBRARY_SEARCH_PATHS = (
					"$(inherited)",
					"\"$(SRCROOT)\"",
				);
				PRODUCT_NAME = "locationd-inject";
				VALIDATE_PRODUCT = YES;
			};
			name = Release;
		};
		C01FCF4F08A954540054247B /* Debug */ = {
			isa = XCBuildConfiguration;
			buildSettings = {
				ARCHS = "$(ARCHS_STANDARD_32_BIT)";
				"CODE_SIGN_IDENTITY[sdk=iphoneos*]" = "Don't Code Sign";
				GCC_C_LANGUAGE_STANDARD = c99;
				GCC_WARN_ABOUT_RETURN_TYPE = YES;
				GCC_WARN_UNUSED_VARIABLE = YES;
				HEADER_SEARCH_PATHS = ../btGpsServer/nmealib/include;
				INIT_ROUTINE = _dlinit;
				LD_DYLIB_INSTALL_NAME = "/usr/lib/locationd-inject.dylib";
				MACH_O_TYPE = mh_dylib;
				OTHER_MIGFLAGS = "-I/Developer/SDKs/MacOSX10.6.sdk/usr/include";
				PREBINDING = NO;
				"PROVISIONING_PROFILE[sdk=iphoneos*]" = "";
				SDKROOT = iphoneos4.1;
			};
			name = Debug;
		};
		C01FCF5008A954540054247B /* Release */ = {
			isa = XCBuildConfiguration;
			buildSettings = {
				ARCHS = "$(ARCHS_STANDARD_32_BIT)";
				"CODE_SIGN_IDENTITY[sdk=iphoneos*]" = "iPhone Developer";
				GCC_C_LANGUAGE_STANDARD = c99;
				GCC_WARN_ABOUT_RETURN_TYPE = YES;
				GCC_WARN_UNUSED_VARIABLE = YES;
				OTHER_CFLAGS = "-DNS_BLOCK_ASSERTIONS=1";
				PREBINDING = NO;
				SDKROOT = iphoneos4.1;
			};
			name = Release;
		};
/* End XCBuildConfiguration section */

/* Begin XCConfigurationList section */
		1D6058960D05DD3E006BFB54 /* Build configuration list for PBXNativeTarget "locationd-inject" */ = {
			isa = XCConfigurationList;
			buildConfigurations = (
				1D6058940D05DD3E006BFB54 /* Debug */,
				1D6058950D05DD3E006BFB54 /* Release */,
			);
			defaultConfigurationIsVisible = 0;
			defaultConfigurationName = Release;
		};
		C01FCF4E08A954540054247B /* Build configuration list for PBXProject "locationd-inject" */ = {
			isa = XCConfigurationList;
			buildConfigurations = (
				C01FCF4F08A954540054247B /* Debug */,
				C01FCF5008A954540054247B /* Release */,
			);
			defaultConfigurationIsVisible = 0;
			defaultConfigurationName = Release;
		};
/* End XCConfigurationList section */
	};
	rootObject = 29B97313FDCFA39411CA2CEA /* Project object */;
}
